{
  "version": 4,
  "terraform_version": "1.5.2",
  "serial": 8,
  "lineage": "ef26cb2a-ba03-6900-2f05-6ab71447a41b",
  "outputs": {},
  "resources": [
    {
      "mode": "data",
      "type": "azurerm_client_config",
      "name": "current",
      "provider": "provider[\"registry.terraform.io/hashicorp/azurerm\"]",
      "instances": [
        {
          "schema_version": 0,
          "attributes": {
            "client_id": "04b07795-8ddb-461a-bbee-02f9e1bf7b46",
            "id": "Y2xpZW50Q29uZmlncy9jbGllbnRJZD0wNGIwNzc5NS04ZGRiLTQ2MWEtYmJlZS0wMmY5ZTFiZjdiNDY7b2JqZWN0SWQ9Y2U3MTYyMWUtZGMxOC00MDY0LThkYTktOWIzY2M5ZjYyZjU0O3N1YnNjcmlwdGlvbklkPTBjNjgwNzUwLTk3N2MtNDg3OC04YWEzLTNkMjNjYWE0NWI1Mzt0ZW5hbnRJZD03YjQzNGNlNi0wM2Q0LTQ0NWEtOGQzNi1hNTZkMDg5YWM1ZDY=",
            "object_id": "ce71621e-dc18-4064-8da9-9b3cc9f62f54",
            "subscription_id": "0c680750-977c-4878-8aa3-3d23caa45b53",
            "tenant_id": "7b434ce6-03d4-445a-8d36-a56d089ac5d6",
            "timeouts": null
          },
          "sensitive_attributes": []
        }
      ]
    },
    {
      "mode": "managed",
      "type": "azurerm_key_vault",
      "name": "example",
      "provider": "provider[\"registry.terraform.io/hashicorp/azurerm\"]",
      "instances": [
        {
          "status": "tainted",
          "schema_version": 2,
          "attributes": {
            "access_policy": null,
            "contact": [],
            "enable_rbac_authorization": null,
            "enabled_for_deployment": null,
            "enabled_for_disk_encryption": true,
            "enabled_for_template_deployment": null,
            "id": "/subscriptions/0c680750-977c-4878-8aa3-3d23caa45b53/resourceGroups/ps-rg-vault/providers/Microsoft.KeyVault/vaults/examplepstersakeyvault",
            "location": "eastus",
            "name": "examplepstersakeyvault",
            "network_acls": null,
            "public_network_access_enabled": true,
            "purge_protection_enabled": false,
            "resource_group_name": "ps-rg-vault",
            "sku_name": "standard",
            "soft_delete_retention_days": 7,
            "tags": null,
            "tenant_id": "7b434ce6-03d4-445a-8d36-a56d089ac5d6",
            "timeouts": null,
            "vault_uri": null
          },
          "sensitive_attributes": [],
          "private": "eyJlMmJmYjczMC1lY2FhLTExZTYtOGY4OC0zNDM2M2JjN2M0YzAiOnsiY3JlYXRlIjoxODAwMDAwMDAwMDAwLCJkZWxldGUiOjE4MDAwMDAwMDAwMDAsInJlYWQiOjMwMDAwMDAwMDAwMCwidXBkYXRlIjoxODAwMDAwMDAwMDAwfSwic2NoZW1hX3ZlcnNpb24iOiIyIn0=",
          "dependencies": [
            "data.azurerm_client_config.current",
            "module.azurerm_resource_group.azurerm_resource_group.example"
          ]
        }
      ]
    },
    {
      "module": "module.azurerm_resource_group",
      "mode": "managed",
      "type": "azurerm_resource_group",
      "name": "example",
      "provider": "provider[\"registry.terraform.io/hashicorp/azurerm\"]",
      "instances": [
        {
          "schema_version": 0,
          "attributes": {
            "id": "/subscriptions/0c680750-977c-4878-8aa3-3d23caa45b53/resourceGroups/ps-rg-vault",
            "location": "eastus",
            "managed_by": "",
            "name": "ps-rg-vault",
            "tags": {},
            "timeouts": null
          },
          "sensitive_attributes": [],
          "private": "eyJlMmJmYjczMC1lY2FhLTExZTYtOGY4OC0zNDM2M2JjN2M0YzAiOnsiY3JlYXRlIjo1NDAwMDAwMDAwMDAwLCJkZWxldGUiOjU0MDAwMDAwMDAwMDAsInJlYWQiOjMwMDAwMDAwMDAwMCwidXBkYXRlIjo1NDAwMDAwMDAwMDAwfX0="
        }
      ]
    }
  ],
  "check_results": null
}
