{
  "version": 4,
  "terraform_version": "1.5.2",
  "serial": 8,
  "lineage": "e17b0bc6-8965-dfc7-058f-016b5d228433",
  "outputs": {},
  "resources": [
    {
      "mode": "managed",
      "type": "azurerm_virtual_network",
      "name": "v_net",
      "provider": "provider[\"registry.terraform.io/hashicorp/azurerm\"]",
      "instances": [
        {
          "schema_version": 0,
          "attributes": {
            "address_space": [
              "10.0.0.0/16"
            ],
            "bgp_community": "",
            "ddos_protection_plan": [],
            "dns_servers": [
              "10.0.0.4",
              "10.0.0.5"
            ],
            "edge_zone": "",
            "flow_timeout_in_minutes": 0,
            "guid": "1969499b-0366-4a98-9cfd-f821a0a9eab0",
            "id": "/subscriptions/0c680750-977c-4878-8aa3-3d23caa45b53/resourceGroups/ps-rg-vault/providers/Microsoft.Network/virtualNetworks/vnet-network",
            "location": "eastus",
            "name": "vnet-network",
            "resource_group_name": "ps-rg-vault",
            "subnet": [],
            "tags": {},
            "timeouts": null
          },
          "sensitive_attributes": [],
          "private": "eyJlMmJmYjczMC1lY2FhLTExZTYtOGY4OC0zNDM2M2JjN2M0YzAiOnsiY3JlYXRlIjoxODAwMDAwMDAwMDAwLCJkZWxldGUiOjE4MDAwMDAwMDAwMDAsInJlYWQiOjMwMDAwMDAwMDAwMCwidXBkYXRlIjoxODAwMDAwMDAwMDAwfX0=",
          "dependencies": [
            "module.azurerm_resource_group.azurerm_resource_group.example"
          ]
        }
      ]
    },
    {
      "module": "module.azurerm_resource_group",
      "mode": "managed",
      "type": "azurerm_resource_group",
      "name": "example",
      "provider": "provider[\"registry.terraform.io/hashicorp/azurerm\"]",
      "instances": [
        {
          "schema_version": 0,
          "attributes": {
            "id": "/subscriptions/0c680750-977c-4878-8aa3-3d23caa45b53/resourceGroups/ps-rg-vault",
            "location": "eastus",
            "managed_by": "",
            "name": "ps-rg-vault",
            "tags": {},
            "timeouts": null
          },
          "sensitive_attributes": [],
          "private": "eyJlMmJmYjczMC1lY2FhLTExZTYtOGY4OC0zNDM2M2JjN2M0YzAiOnsiY3JlYXRlIjo1NDAwMDAwMDAwMDAwLCJkZWxldGUiOjU0MDAwMDAwMDAwMDAsInJlYWQiOjMwMDAwMDAwMDAwMCwidXBkYXRlIjo1NDAwMDAwMDAwMDAwfX0="
        }
      ]
    },
    {
      "module": "module.storage_acc",
      "mode": "managed",
      "type": "azurerm_storage_account",
      "name": "example",
      "provider": "module.storage_acc.provider[\"registry.terraform.io/hashicorp/azurerm\"]",
      "instances": [
        {
          "schema_version": 3,
          "attributes": {
            "access_tier": "Hot",
            "account_kind": "StorageV2",
            "account_replication_type": "GRS",
            "account_tier": "Standard",
            "allow_nested_items_to_be_public": true,
            "allowed_copy_scope": "",
            "azure_files_authentication": [],
            "blob_properties": [
              {
                "change_feed_enabled": false,
                "change_feed_retention_in_days": 0,
                "container_delete_retention_policy": [],
                "cors_rule": [],
                "default_service_version": "",
                "delete_retention_policy": [],
                "last_access_time_enabled": false,
                "restore_policy": [],
                "versioning_enabled": false
              }
            ],
            "cross_tenant_replication_enabled": true,
            "custom_domain": [],
            "customer_managed_key": [],
            "default_to_oauth_authentication": false,
            "edge_zone": "",
            "enable_https_traffic_only": true,
            "id": "/subscriptions/0c680750-977c-4878-8aa3-3d23caa45b53/resourceGroups/ps-rg-vault/providers/Microsoft.Storage/storageAccounts/test67546631",
            "identity": [],
            "immutability_policy": [],
            "infrastructure_encryption_enabled": false,
            "is_hns_enabled": false,
            "large_file_share_enabled": null,
            "location": "eastus",
            "min_tls_version": "TLS1_2",
            "name": "test67546631",
            "network_rules": [
              {
                "bypass": [
                  "AzureServices"
                ],
                "default_action": "Allow",
                "ip_rules": [],
                "private_link_access": [],
                "virtual_network_subnet_ids": []
              }
            ],
            "nfsv3_enabled": false,
            "primary_access_key": "EOHsYDAsChDu9LK0XEPwrfSPZayqdyYaE+7yts1jg+fVayH7SCM12RUi8PXzCFcJgpfJIWNsboDR+AStWvxJSA==",
            "primary_blob_connection_string": "DefaultEndpointsProtocol=https;BlobEndpoint=https://test67546631.blob.core.windows.net/;AccountName=test67546631;AccountKey=EOHsYDAsChDu9LK0XEPwrfSPZayqdyYaE+7yts1jg+fVayH7SCM12RUi8PXzCFcJgpfJIWNsboDR+AStWvxJSA==",
            "primary_blob_endpoint": "https://test67546631.blob.core.windows.net/",
            "primary_blob_host": "test67546631.blob.core.windows.net",
            "primary_connection_string": "DefaultEndpointsProtocol=https;AccountName=test67546631;AccountKey=EOHsYDAsChDu9LK0XEPwrfSPZayqdyYaE+7yts1jg+fVayH7SCM12RUi8PXzCFcJgpfJIWNsboDR+AStWvxJSA==;EndpointSuffix=core.windows.net",
            "primary_dfs_endpoint": "https://test67546631.dfs.core.windows.net/",
            "primary_dfs_host": "test67546631.dfs.core.windows.net",
            "primary_file_endpoint": "https://test67546631.file.core.windows.net/",
            "primary_file_host": "test67546631.file.core.windows.net",
            "primary_location": "eastus",
            "primary_queue_endpoint": "https://test67546631.queue.core.windows.net/",
            "primary_queue_host": "test67546631.queue.core.windows.net",
            "primary_table_endpoint": "https://test67546631.table.core.windows.net/",
            "primary_table_host": "test67546631.table.core.windows.net",
            "primary_web_endpoint": "https://test67546631.z13.web.core.windows.net/",
            "primary_web_host": "test67546631.z13.web.core.windows.net",
            "public_network_access_enabled": true,
            "queue_encryption_key_type": "Service",
            "queue_properties": [
              {
                "cors_rule": [],
                "hour_metrics": [
                  {
                    "enabled": true,
                    "include_apis": true,
                    "retention_policy_days": 7,
                    "version": "1.0"
                  }
                ],
                "logging": [
                  {
                    "delete": false,
                    "read": false,
                    "retention_policy_days": 0,
                    "version": "1.0",
                    "write": false
                  }
                ],
                "minute_metrics": [
                  {
                    "enabled": false,
                    "include_apis": false,
                    "retention_policy_days": 0,
                    "version": "1.0"
                  }
                ]
              }
            ],
            "resource_group_name": "ps-rg-vault",
            "routing": [],
            "sas_policy": [],
            "secondary_access_key": "bO0cWKrIi6L+nXftXz3ZQUD1KhnwG4NP1h/V6hSOuQB+SvHp2XXCk5ndgUPtVnh1+LXahThAuohr+AStet0o8A==",
            "secondary_blob_connection_string": "",
            "secondary_blob_endpoint": null,
            "secondary_blob_host": null,
            "secondary_connection_string": "DefaultEndpointsProtocol=https;AccountName=test67546631;AccountKey=bO0cWKrIi6L+nXftXz3ZQUD1KhnwG4NP1h/V6hSOuQB+SvHp2XXCk5ndgUPtVnh1+LXahThAuohr+AStet0o8A==;EndpointSuffix=core.windows.net",
            "secondary_dfs_endpoint": null,
            "secondary_dfs_host": null,
            "secondary_file_endpoint": null,
            "secondary_file_host": null,
            "secondary_location": "westus",
            "secondary_queue_endpoint": null,
            "secondary_queue_host": null,
            "secondary_table_endpoint": null,
            "secondary_table_host": null,
            "secondary_web_endpoint": null,
            "secondary_web_host": null,
            "sftp_enabled": false,
            "share_properties": [
              {
                "cors_rule": [],
                "retention_policy": [
                  {
                    "days": 7
                  }
                ],
                "smb": []
              }
            ],
            "shared_access_key_enabled": true,
            "static_website": [],
            "table_encryption_key_type": "Service",
            "tags": null,
            "timeouts": null
          },
          "sensitive_attributes": [],
          "private": "eyJlMmJmYjczMC1lY2FhLTExZTYtOGY4OC0zNDM2M2JjN2M0YzAiOnsiY3JlYXRlIjozNjAwMDAwMDAwMDAwLCJkZWxldGUiOjM2MDAwMDAwMDAwMDAsInJlYWQiOjMwMDAwMDAwMDAwMCwidXBkYXRlIjozNjAwMDAwMDAwMDAwfSwic2NoZW1hX3ZlcnNpb24iOiIzIn0=",
          "dependencies": [
            "module.azurerm_resource_group.azurerm_resource_group.example"
          ]
        }
      ]
    }
  ],
  "check_results": null
}
