{
  "version": 4,
  "terraform_version": "1.5.2",
  "serial": 21,
  "lineage": "cf454a28-d296-d070-ac29-4191730d0cda",
  "outputs": {
    "kv_id": {
      "value": "/subscriptions/d6ec94f2-fd05-4a12-9d2d-869b241e0e72/resourceGroups/kv_terraform_rg/providers/Microsoft.KeyVault/vaults/demokv01090",
      "type": "string"
    },
    "vault_uri": {
      "value": "https://demokv01090.vault.azure.net/",
      "type": "string"
    }
  },
  "resources": [
    {
      "mode": "data",
      "type": "azuread_user",
      "name": "user_data",
      "provider": "provider[\"registry.terraform.io/hashicorp/azuread\"]",
      "instances": [
        {
          "schema_version": 0,
          "attributes": {
            "account_enabled": true,
            "age_group": "",
            "business_phones": [],
            "city": "",
            "company_name": "",
            "consent_provided_for_minor": "",
            "cost_center": null,
            "country": "",
            "creation_type": "",
            "department": "",
            "display_name": "himanshu",
            "division": null,
            "employee_id": "",
            "employee_type": "",
            "external_user_state": "",
            "fax_number": "",
            "given_name": "",
            "id": "1b3e6797-f9b3-4604-9b64-6a38ef7a075a",
            "im_addresses": [],
            "job_title": "",
            "mail": "",
            "mail_nickname": "himanshu",
            "manager_id": "",
            "mobile_phone": "",
            "object_id": "1b3e6797-f9b3-4604-9b64-6a38ef7a075a",
            "office_location": "",
            "onpremises_distinguished_name": "",
            "onpremises_domain_name": "",
            "onpremises_immutable_id": "",
            "onpremises_sam_account_name": "",
            "onpremises_security_identifier": "",
            "onpremises_sync_enabled": false,
            "onpremises_user_principal_name": "",
            "other_mails": [],
            "postal_code": "",
            "preferred_language": "",
            "proxy_addresses": [],
            "show_in_address_list": false,
            "state": "",
            "street_address": "",
            "surname": "",
            "timeouts": null,
            "usage_location": "",
            "user_principal_name": "himanshu@manjarisrivastav3gmail.onmicrosoft.com",
            "user_type": "Member"
          },
          "sensitive_attributes": []
        }
      ]
    },
    {
      "mode": "data",
      "type": "azurerm_client_config",
      "name": "current",
      "provider": "provider[\"registry.terraform.io/hashicorp/azurerm\"]",
      "instances": [
        {
          "schema_version": 0,
          "attributes": {
            "client_id": "04b07795-8ddb-461a-bbee-02f9e1bf7b46",
            "id": "2023-07-10 12:32:03.989364309 +0000 UTC",
            "object_id": "",
            "subscription_id": "d6ec94f2-fd05-4a12-9d2d-869b241e0e72",
            "tenant_id": "ef9a5946-2d1c-4cb2-bfe2-899a77ae17f3",
            "timeouts": null
          },
          "sensitive_attributes": []
        }
      ]
    },
    {
      "mode": "managed",
      "type": "azurerm_key_vault",
      "name": "keyvault",
      "provider": "provider[\"registry.terraform.io/hashicorp/azurerm\"]",
      "instances": [
        {
          "schema_version": 2,
          "attributes": {
            "access_policy": [
              {
                "application_id": "",
                "certificate_permissions": null,
                "key_permissions": [
                  "Get"
                ],
                "object_id": "1b3e6797-f9b3-4604-9b64-6a38ef7a075a",
                "secret_permissions": [
                  "Get",
                  "List",
                  "Set",
                  "Delete",
                  "Purge"
                ],
                "storage_permissions": [
                  "Get"
                ],
                "tenant_id": "ef9a5946-2d1c-4cb2-bfe2-899a77ae17f3"
              }
            ],
            "contact": [],
            "enable_rbac_authorization": false,
            "enabled_for_deployment": false,
            "enabled_for_disk_encryption": false,
            "enabled_for_template_deployment": false,
            "id": "/subscriptions/d6ec94f2-fd05-4a12-9d2d-869b241e0e72/resourceGroups/kv_terraform_rg/providers/Microsoft.KeyVault/vaults/demokv01090",
            "location": "westeurope",
            "name": "demokv01090",
            "network_acls": [
              {
                "bypass": "AzureServices",
                "default_action": "Allow",
                "ip_rules": [],
                "virtual_network_subnet_ids": []
              }
            ],
            "purge_protection_enabled": false,
            "resource_group_name": "kv_terraform_rg",
            "sku_name": "standard",
            "soft_delete_enabled": true,
            "soft_delete_retention_days": 7,
            "tags": null,
            "tenant_id": "ef9a5946-2d1c-4cb2-bfe2-899a77ae17f3",
            "timeouts": null,
            "vault_uri": "https://demokv01090.vault.azure.net/"
          },
          "sensitive_attributes": [],
          "private": "eyJlMmJmYjczMC1lY2FhLTExZTYtOGY4OC0zNDM2M2JjN2M0YzAiOnsiY3JlYXRlIjoxODAwMDAwMDAwMDAwLCJkZWxldGUiOjE4MDAwMDAwMDAwMDAsInJlYWQiOjMwMDAwMDAwMDAwMCwidXBkYXRlIjoxODAwMDAwMDAwMDAwfSwic2NoZW1hX3ZlcnNpb24iOiIyIn0=",
          "dependencies": [
            "azurerm_resource_group.rg",
            "data.azuread_user.user_data",
            "data.azurerm_client_config.current"
          ]
        }
      ]
    },
    {
      "mode": "managed",
      "type": "azurerm_key_vault_secret",
      "name": "db-pwd",
      "provider": "provider[\"registry.terraform.io/hashicorp/azurerm\"]",
      "instances": [
        {
          "schema_version": 0,
          "attributes": {
            "content_type": "",
            "expiration_date": null,
            "id": "https://demokv01090.vault.azure.net/secrets/DatabasePassword/63b02e46526545348755ccb0faad2acf",
            "key_vault_id": "/subscriptions/d6ec94f2-fd05-4a12-9d2d-869b241e0e72/resourceGroups/kv_terraform_rg/providers/Microsoft.KeyVault/vaults/demokv01090",
            "name": "DatabasePassword",
            "not_before_date": null,
            "tags": null,
            "timeouts": null,
            "value": "Prashant@123",
            "version": "63b02e46526545348755ccb0faad2acf",
            "versionless_id": "https://demokv01090.vault.azure.net/secrets/DatabasePassword"
          },
          "sensitive_attributes": [
            [
              {
                "type": "get_attr",
                "value": "value"
              }
            ]
          ],
          "private": "eyJlMmJmYjczMC1lY2FhLTExZTYtOGY4OC0zNDM2M2JjN2M0YzAiOnsiY3JlYXRlIjoxODAwMDAwMDAwMDAwLCJkZWxldGUiOjE4MDAwMDAwMDAwMDAsInJlYWQiOjMwMDAwMDAwMDAwMCwidXBkYXRlIjoxODAwMDAwMDAwMDAwfX0=",
          "dependencies": [
            "azurerm_key_vault.keyvault",
            "azurerm_resource_group.rg",
            "data.azuread_user.user_data",
            "data.azurerm_client_config.current"
          ]
        }
      ]
    },
    {
      "mode": "managed",
      "type": "azurerm_resource_group",
      "name": "rg",
      "provider": "provider[\"registry.terraform.io/hashicorp/azurerm\"]",
      "instances": [
        {
          "schema_version": 0,
          "attributes": {
            "id": "/subscriptions/d6ec94f2-fd05-4a12-9d2d-869b241e0e72/resourceGroups/kv_terraform_rg",
            "location": "westeurope",
            "name": "kv_terraform_rg",
            "tags": null,
            "timeouts": null
          },
          "sensitive_attributes": [],
          "private": "eyJlMmJmYjczMC1lY2FhLTExZTYtOGY4OC0zNDM2M2JjN2M0YzAiOnsiY3JlYXRlIjo1NDAwMDAwMDAwMDAwLCJkZWxldGUiOjU0MDAwMDAwMDAwMDAsInJlYWQiOjMwMDAwMDAwMDAwMCwidXBkYXRlIjo1NDAwMDAwMDAwMDAwfX0="
        }
      ]
    }
  ],
  "check_results": null
}
